// !$*UTF8*$!
{
	archiveVersion = 1;
	classes = {
	};
	objectVersion = 55;
	objects = {

/* Begin PBXBuildFile section */
		0584D00927105A7F000E3B31 /* GoogleService-Info.plist in Resources */ = {isa = PBXBuildFile; fileRef = 0584D00827105A7F000E3B31 /* GoogleService-Info.plist */; };
		0595AC8627104AC000299DC3 /* AppDelegate.swift in Sources */ = {isa = PBXBuildFile; fileRef = 0595AC8527104AC000299DC3 /* AppDelegate.swift */; };
		0595AC8827104AC000299DC3 /* SceneDelegate.swift in Sources */ = {isa = PBXBuildFile; fileRef = 0595AC8727104AC000299DC3 /* SceneDelegate.swift */; };
		0595AC8F27104AC100299DC3 /* Assets.xcassets in Resources */ = {isa = PBXBuildFile; fileRef = 0595AC8E27104AC100299DC3 /* Assets.xcassets */; };
		0595AC9227104AC100299DC3 /* LaunchScreen.storyboard in Resources */ = {isa = PBXBuildFile; fileRef = 0595AC9027104AC100299DC3 /* LaunchScreen.storyboard */; };
		05AC00152710734500A54817 /* Constants.swift in Sources */ = {isa = PBXBuildFile; fileRef = 05AC00142710734400A54817 /* Constants.swift */; };
		05AC0017271074FD00A54817 /* Message.swift in Sources */ = {isa = PBXBuildFile; fileRef = 05AC0016271074FD00A54817 /* Message.swift */; };
		05B640272712161E00E30D18 /* IQKeyboardManagerSwift in Frameworks */ = {isa = PBXBuildFile; productRef = 05B640262712161E00E30D18 /* IQKeyboardManagerSwift */; };
		05BA856527104C2700B90EFF /* Main.storyboard in Resources */ = {isa = PBXBuildFile; fileRef = 05BA855E27104C2700B90EFF /* Main.storyboard */; };
		05BA856627104C2700B90EFF /* ChatViewController.swift in Sources */ = {isa = PBXBuildFile; fileRef = 05BA856127104C2700B90EFF /* ChatViewController.swift */; };
		05BA856727104C2700B90EFF /* WelcomeViewController.swift in Sources */ = {isa = PBXBuildFile; fileRef = 05BA856227104C2700B90EFF /* WelcomeViewController.swift */; };
		05BA856827104C2700B90EFF /* LoginViewController.swift in Sources */ = {isa = PBXBuildFile; fileRef = 05BA856327104C2700B90EFF /* LoginViewController.swift */; };
		05BA856927104C2700B90EFF /* RegisterViewController.swift in Sources */ = {isa = PBXBuildFile; fileRef = 05BA856427104C2700B90EFF /* RegisterViewController.swift */; };
		05F896CC271099AD00BE610B /* MessageCell.swift in Sources */ = {isa = PBXBuildFile; fileRef = 05F896CA271099AD00BE610B /* MessageCell.swift */; };
		05F896CD271099AD00BE610B /* MessageCell.xib in Resources */ = {isa = PBXBuildFile; fileRef = 05F896CB271099AD00BE610B /* MessageCell.xib */; };
		59D4429C04B9E299D7F4798F /* Pods_Flash.framework in Frameworks */ = {isa = PBXBuildFile; fileRef = 212A9D561C14C3D39497C0D3 /* Pods_Flash.framework */; };
/* End PBXBuildFile section */

/* Begin PBXFileReference section */
		0584D00827105A7F000E3B31 /* GoogleService-Info.plist */ = {isa = PBXFileReference; fileEncoding = 4; lastKnownFileType = text.plist.xml; path = "GoogleService-Info.plist"; sourceTree = "<group>"; };
		0595AC8227104AC000299DC3 /* Flash.app */ = {isa = PBXFileReference; explicitFileType = wrapper.application; includeInIndex = 0; path = Flash.app; sourceTree = BUILT_PRODUCTS_DIR; };
		0595AC8527104AC000299DC3 /* AppDelegate.swift */ = {isa = PBXFileReference; lastKnownFileType = sourcecode.swift; path = AppDelegate.swift; sourceTree = "<group>"; };
		0595AC8727104AC000299DC3 /* SceneDelegate.swift */ = {isa = PBXFileReference; lastKnownFileType = sourcecode.swift; path = SceneDelegate.swift; sourceTree = "<group>"; };
		0595AC8E27104AC100299DC3 /* Assets.xcassets */ = {isa = PBXFileReference; lastKnownFileType = folder.assetcatalog; path = Assets.xcassets; sourceTree = "<group>"; };
		0595AC9127104AC100299DC3 /* Base */ = {isa = PBXFileReference; lastKnownFileType = file.storyboard; name = Base; path = Base.lproj/LaunchScreen.storyboard; sourceTree = "<group>"; };
		0595AC9327104AC100299DC3 /* Info.plist */ = {isa = PBXFileReference; lastKnownFileType = text.plist.xml; path = Info.plist; sourceTree = "<group>"; };
		05AC00142710734400A54817 /* Constants.swift */ = {isa = PBXFileReference; lastKnownFileType = sourcecode.swift; path = Constants.swift; sourceTree = "<group>"; };
		05AC0016271074FD00A54817 /* Message.swift */ = {isa = PBXFileReference; lastKnownFileType = sourcecode.swift; path = Message.swift; sourceTree = "<group>"; };
		05BA855F27104C2700B90EFF /* Base */ = {isa = PBXFileReference; lastKnownFileType = file.storyboard; name = Base; path = Base.lproj/Main.storyboard; sourceTree = "<group>"; };
		05BA856127104C2700B90EFF /* ChatViewController.swift */ = {isa = PBXFileReference; fileEncoding = 4; lastKnownFileType = sourcecode.swift; path = ChatViewController.swift; sourceTree = "<group>"; };
		05BA856227104C2700B90EFF /* WelcomeViewController.swift */ = {isa = PBXFileReference; fileEncoding = 4; lastKnownFileType = sourcecode.swift; path = WelcomeViewController.swift; sourceTree = "<group>"; };
		05BA856327104C2700B90EFF /* LoginViewController.swift */ = {isa = PBXFileReference; fileEncoding = 4; lastKnownFileType = sourcecode.swift; path = LoginViewController.swift; sourceTree = "<group>"; };
		05BA856427104C2700B90EFF /* RegisterViewController.swift */ = {isa = PBXFileReference; fileEncoding = 4; lastKnownFileType = sourcecode.swift; path = RegisterViewController.swift; sourceTree = "<group>"; };
		05F896CA271099AD00BE610B /* MessageCell.swift */ = {isa = PBXFileReference; lastKnownFileType = sourcecode.swift; path = MessageCell.swift; sourceTree = "<group>"; };
		05F896CB271099AD00BE610B /* MessageCell.xib */ = {isa = PBXFileReference; lastKnownFileType = file.xib; path = MessageCell.xib; sourceTree = "<group>"; };
		212A9D561C14C3D39497C0D3 /* Pods_Flash.framework */ = {isa = PBXFileReference; explicitFileType = wrapper.framework; includeInIndex = 0; path = Pods_Flash.framework; sourceTree = BUILT_PRODUCTS_DIR; };
		3ABD9F78D263C270BCC1EE2C /* Pods-Flash.debug.xcconfig */ = {isa = PBXFileReference; includeInIndex = 1; lastKnownFileType = text.xcconfig; name = "Pods-Flash.debug.xcconfig"; path = "Target Support Files/Pods-Flash/Pods-Flash.debug.xcconfig"; sourceTree = "<group>"; };
		8E52C07EFCD9B09F07C41600 /* Pods-Flash.release.xcconfig */ = {isa = PBXFileReference; includeInIndex = 1; lastKnownFileType = text.xcconfig; name = "Pods-Flash.release.xcconfig"; path = "Target Support Files/Pods-Flash/Pods-Flash.release.xcconfig"; sourceTree = "<group>"; };
/* End PBXFileReference section */

/* Begin PBXFrameworksBuildPhase section */
		0595AC7F27104AC000299DC3 /* Frameworks */ = {
			isa = PBXFrameworksBuildPhase;
			buildActionMask = 2147483647;
			files = (
				59D4429C04B9E299D7F4798F /* Pods_Flash.framework in Frameworks */,
				05B640272712161E00E30D18 /* IQKeyboardManagerSwift in Frameworks */,
			);
			runOnlyForDeploymentPostprocessing = 0;
		};
/* End PBXFrameworksBuildPhase section */

/* Begin PBXGroup section */
		0595AC7927104AC000299DC3 = {
			isa = PBXGroup;
			children = (
				0595AC8427104AC000299DC3 /* Flash */,
				0595AC8327104AC000299DC3 /* Products */,
				C3CAF691BBBC2A0C0B473EDD /* Pods */,
				FBF040807E7C8085F51E5C9F /* Frameworks */,
			);
			sourceTree = "<group>";
		};
		0595AC8327104AC000299DC3 /* Products */ = {
			isa = PBXGroup;
			children = (
				0595AC8227104AC000299DC3 /* Flash.app */,
			);
			name = Products;
			sourceTree = "<group>";
		};
		0595AC8427104AC000299DC3 /* Flash */ = {
			isa = PBXGroup;
			children = (
				0595AC8527104AC000299DC3 /* AppDelegate.swift */,
				0595AC8727104AC000299DC3 /* SceneDelegate.swift */,
				05BA856C27104D4A00B90EFF /* Models */,
				05BA855D27104C2700B90EFF /* Views */,
				05BA856027104C2700B90EFF /* Controllers */,
				0595AC8E27104AC100299DC3 /* Assets.xcassets */,
				0595AC9027104AC100299DC3 /* LaunchScreen.storyboard */,
				0584D00827105A7F000E3B31 /* GoogleService-Info.plist */,
				0595AC9327104AC100299DC3 /* Info.plist */,
				05AC00142710734400A54817 /* Constants.swift */,
			);
			path = Flash;
			sourceTree = "<group>";
		};
		05BA855D27104C2700B90EFF /* Views */ = {
			isa = PBXGroup;
			children = (
				05BA855E27104C2700B90EFF /* Main.storyboard */,
				05F896CA271099AD00BE610B /* MessageCell.swift */,
				05F896CB271099AD00BE610B /* MessageCell.xib */,
			);
			path = Views;
			sourceTree = "<group>";
		};
		05BA856027104C2700B90EFF /* Controllers */ = {
			isa = PBXGroup;
			children = (
				05BA856127104C2700B90EFF /* ChatViewController.swift */,
				05BA856227104C2700B90EFF /* WelcomeViewController.swift */,
				05BA856327104C2700B90EFF /* LoginViewController.swift */,
				05BA856427104C2700B90EFF /* RegisterViewController.swift */,
			);
			path = Controllers;
			sourceTree = "<group>";
		};
		05BA856C27104D4A00B90EFF /* Models */ = {
			isa = PBXGroup;
			children = (
				05AC0016271074FD00A54817 /* Message.swift */,
			);
			path = Models;
			sourceTree = "<group>";
		};
		C3CAF691BBBC2A0C0B473EDD /* Pods */ = {
			isa = PBXGroup;
			children = (
				3ABD9F78D263C270BCC1EE2C /* Pods-Flash.debug.xcconfig */,
				8E52C07EFCD9B09F07C41600 /* Pods-Flash.release.xcconfig */,
			);
			path = Pods;
			sourceTree = "<group>";
		};
		FBF040807E7C8085F51E5C9F /* Frameworks */ = {
			isa = PBXGroup;
			children = (
				212A9D561C14C3D39497C0D3 /* Pods_Flash.framework */,
			);
			name = Frameworks;
			sourceTree = "<group>";
		};
/* End PBXGroup section */

/* Begin PBXNativeTarget section */
		0595AC8127104AC000299DC3 /* Flash */ = {
			isa = PBXNativeTarget;
			buildConfigurationList = 0595AC9627104AC100299DC3 /* Build configuration list for PBXNativeTarget "Flash" */;
			buildPhases = (
				047AE32EE67EF83213B6D9CE /* [CP] Check Pods Manifest.lock */,
				0595AC7E27104AC000299DC3 /* Sources */,
				0595AC7F27104AC000299DC3 /* Frameworks */,
				0595AC8027104AC000299DC3 /* Resources */,
				F85E739836CD442EBFF5336E /* [CP] Embed Pods Frameworks */,
			);
			buildRules = (
			);
			dependencies = (
			);
			name = Flash;
			packageProductDependencies = (
				05B640262712161E00E30D18 /* IQKeyboardManagerSwift */,
			);
			productName = Flash;
			productReference = 0595AC8227104AC000299DC3 /* Flash.app */;
			productType = "com.apple.product-type.application";
		};
/* End PBXNativeTarget section */

/* Begin PBXProject section */
		0595AC7A27104AC000299DC3 /* Project object */ = {
			isa = PBXProject;
			attributes = {
				BuildIndependentTargetsInParallel = 1;
				LastSwiftUpdateCheck = 1300;
				LastUpgradeCheck = 1300;
				TargetAttributes = {
					0595AC8127104AC000299DC3 = {
						CreatedOnToolsVersion = 13.0;
					};
				};
			};
			buildConfigurationList = 0595AC7D27104AC000299DC3 /* Build configuration list for PBXProject "Flash" */;
			compatibilityVersion = "Xcode 13.0";
			developmentRegion = en;
			hasScannedForEncodings = 0;
			knownRegions = (
				en,
				Base,
			);
			mainGroup = 0595AC7927104AC000299DC3;
			packageReferences = (
				05B640252712161E00E30D18 /* XCRemoteSwiftPackageReference "IQKeyboardManager" */,
			);
			productRefGroup = 0595AC8327104AC000299DC3 /* Products */;
			projectDirPath = "";
			projectRoot = "";
			targets = (
				0595AC8127104AC000299DC3 /* Flash */,
			);
		};
/* End PBXProject section */

/* Begin PBXResourcesBuildPhase section */
		0595AC8027104AC000299DC3 /* Resources */ = {
			isa = PBXResourcesBuildPhase;
			buildActionMask = 2147483647;
			files = (
				05F896CD271099AD00BE610B /* MessageCell.xib in Resources */,
				05BA856527104C2700B90EFF /* Main.storyboard in Resources */,
				0584D00927105A7F000E3B31 /* GoogleService-Info.plist in Resources */,
				0595AC9227104AC100299DC3 /* LaunchScreen.storyboard in Resources */,
				0595AC8F27104AC100299DC3 /* Assets.xcassets in Resources */,
			);
			runOnlyForDeploymentPostprocessing = 0;
		};
/* End PBXResourcesBuildPhase section */

/* Begin PBXShellScriptBuildPhase section */
		047AE32EE67EF83213B6D9CE /* [CP] Check Pods Manifest.lock */ = {
			isa = PBXShellScriptBuildPhase;
			buildActionMask = 2147483647;
			files = (
			);
			inputFileListPaths = (
			);
			inputPaths = (
				"${PODS_PODFILE_DIR_PATH}/Podfile.lock",
				"${PODS_ROOT}/Manifest.lock",
			);
			name = "[CP] Check Pods Manifest.lock";
			outputFileListPaths = (
			);
			outputPaths = (
				"$(DERIVED_FILE_DIR)/Pods-Flash-checkManifestLockResult.txt",
			);
			runOnlyForDeploymentPostprocessing = 0;
			shellPath = /bin/sh;
			shellScript = "diff \"${PODS_PODFILE_DIR_PATH}/Podfile.lock\" \"${PODS_ROOT}/Manifest.lock\" > /dev/null\nif [ $? != 0 ] ; then\n    # print error to STDERR\n    echo \"error: The sandbox is not in sync with the Podfile.lock. Run 'pod install' or update your CocoaPods installation.\" >&2\n    exit 1\nfi\n# This output is used by Xcode 'outputs' to avoid re-running this script phase.\necho \"SUCCESS\" > \"${SCRIPT_OUTPUT_FILE_0}\"\n";
			showEnvVarsInLog = 0;
		};
		F85E739836CD442EBFF5336E /* [CP] Embed Pods Frameworks */ = {
			isa = PBXShellScriptBuildPhase;
			buildActionMask = 2147483647;
			files = (
			);
			inputFileListPaths = (
				"${PODS_ROOT}/Target Support Files/Pods-Flash/Pods-Flash-frameworks-${CONFIGURATION}-input-files.xcfilelist",
			);
			name = "[CP] Embed Pods Frameworks";
			outputFileListPaths = (
				"${PODS_ROOT}/Target Support Files/Pods-Flash/Pods-Flash-frameworks-${CONFIGURATION}-output-files.xcfilelist",
			);
			runOnlyForDeploymentPostprocessing = 0;
			shellPath = /bin/sh;
			shellScript = "\"${PODS_ROOT}/Target Support Files/Pods-Flash/Pods-Flash-frameworks.sh\"\n";
			showEnvVarsInLog = 0;
		};
/* End PBXShellScriptBuildPhase section */

/* Begin PBXSourcesBuildPhase section */
		0595AC7E27104AC000299DC3 /* Sources */ = {
			isa = PBXSourcesBuildPhase;
			buildActionMask = 2147483647;
			files = (
				0595AC8627104AC000299DC3 /* AppDelegate.swift in Sources */,
				05BA856727104C2700B90EFF /* WelcomeViewController.swift in Sources */,
				05AC00152710734500A54817 /* Constants.swift in Sources */,
				05BA856627104C2700B90EFF /* ChatViewController.swift in Sources */,
				05BA856927104C2700B90EFF /* RegisterViewController.swift in Sources */,
				05AC0017271074FD00A54817 /* Message.swift in Sources */,
				05BA856827104C2700B90EFF /* LoginViewController.swift in Sources */,
				0595AC8827104AC000299DC3 /* SceneDelegate.swift in Sources */,
				05F896CC271099AD00BE610B /* MessageCell.swift in Sources */,
			);
			runOnlyForDeploymentPostprocessing = 0;
		};
/* End PBXSourcesBuildPhase section */

/* Begin PBXVariantGroup section */
		0595AC9027104AC100299DC3 /* LaunchScreen.storyboard */ = {
			isa = PBXVariantGroup;
			children = (
				0595AC9127104AC100299DC3 /* Base */,
			);
			name = LaunchScreen.storyboard;
			sourceTree = "<group>";
		};
		05BA855E27104C2700B90EFF /* Main.storyboard */ = {
			isa = PBXVariantGroup;
			children = (
				05BA855F27104C2700B90EFF /* Base */,
			);
			name = Main.storyboard;
			sourceTree = "<group>";
		};
/* End PBXVariantGroup section */

/* Begin XCBuildConfiguration section */
		0595AC9427104AC100299DC3 /* Debug */ = {
			isa = XCBuildConfiguration;
			buildSettings = {
				ALWAYS_SEARCH_USER_PATHS = NO;
				CLANG_ANALYZER_NONNULL = YES;
				CLANG_ANALYZER_NUMBER_OBJECT_CONVERSION = YES_AGGRESSIVE;
				CLANG_CXX_LANGUAGE_STANDARD = "gnu++17";
				CLANG_CXX_LIBRARY = "libc++";
				CLANG_ENABLE_MODULES = YES;
				CLANG_ENABLE_OBJC_ARC = YES;
				CLANG_ENABLE_OBJC_WEAK = YES;
				CLANG_WARN_BLOCK_CAPTURE_AUTORELEASING = YES;
				CLANG_WARN_BOOL_CONVERSION = YES;
				CLANG_WARN_COMMA = YES;
				CLANG_WARN_CONSTANT_CONVERSION = YES;
				CLANG_WARN_DEPRECATED_OBJC_IMPLEMENTATIONS = YES;
				CLANG_WARN_DIRECT_OBJC_ISA_USAGE = YES_ERROR;
				CLANG_WARN_DOCUMENTATION_COMMENTS = YES;
				CLANG_WARN_EMPTY_BODY = YES;
				CLANG_WARN_ENUM_CONVERSION = YES;
				CLANG_WARN_INFINITE_RECURSION = YES;
				CLANG_WARN_INT_CONVERSION = YES;
				CLANG_WARN_NON_LITERAL_NULL_CONVERSION = YES;
				CLANG_WARN_OBJC_IMPLICIT_RETAIN_SELF = YES;
				CLANG_WARN_OBJC_LITERAL_CONVERSION = YES;
				CLANG_WARN_OBJC_ROOT_CLASS = YES_ERROR;
				CLANG_WARN_QUOTED_INCLUDE_IN_FRAMEWORK_HEADER = YES;
				CLANG_WARN_RANGE_LOOP_ANALYSIS = YES;
				CLANG_WARN_STRICT_PROTOTYPES = YES;
				CLANG_WARN_SUSPICIOUS_MOVE = YES;
				CLANG_WARN_UNGUARDED_AVAILABILITY = YES_AGGRESSIVE;
				CLANG_WARN_UNREACHABLE_CODE = YES;
				CLANG_WARN__DUPLICATE_METHOD_MATCH = YES;
				COPY_PHASE_STRIP = NO;
				DEBUG_INFORMATION_FORMAT = dwarf;
				ENABLE_STRICT_OBJC_MSGSEND = YES;
				ENABLE_TESTABILITY = YES;
				GCC_C_LANGUAGE_STANDARD = gnu11;
				GCC_DYNAMIC_NO_PIC = NO;
				GCC_NO_COMMON_BLOCKS = YES;
				GCC_OPTIMIZATION_LEVEL = 0;
				GCC_PREPROCESSOR_DEFINITIONS = (
					"DEBUG=1",
					"$(inherited)",
				);
				GCC_WARN_64_TO_32_BIT_CONVERSION = YES;
				GCC_WARN_ABOUT_RETURN_TYPE = YES_ERROR;
				GCC_WARN_UNDECLARED_SELECTOR = YES;
				GCC_WARN_UNINITIALIZED_AUTOS = YES_AGGRESSIVE;
				GCC_WARN_UNUSED_FUNCTION = YES;
				GCC_WARN_UNUSED_VARIABLE = YES;
				IPHONEOS_DEPLOYMENT_TARGET = 15.0;
				MTL_ENABLE_DEBUG_INFO = INCLUDE_SOURCE;
				MTL_FAST_MATH = YES;
				ONLY_ACTIVE_ARCH = YES;
				SDKROOT = iphoneos;
				SWIFT_ACTIVE_COMPILATION_CONDITIONS = DEBUG;
				SWIFT_OPTIMIZATION_LEVEL = "-Onone";
			};
			name = Debug;
		};
		0595AC9527104AC100299DC3 /* Release */ = {
			isa = XCBuildConfiguration;
			buildSettings = {
				ALWAYS_SEARCH_USER_PATHS = NO;
				CLANG_ANALYZER_NONNULL = YES;
				CLANG_ANALYZER_NUMBER_OBJECT_CONVERSION = YES_AGGRESSIVE;
				CLANG_CXX_LANGUAGE_STANDARD = "gnu++17";
				CLANG_CXX_LIBRARY = "libc++";
				CLANG_ENABLE_MODULES = YES;
				CLANG_ENABLE_OBJC_ARC = YES;
				CLANG_ENABLE_OBJC_WEAK = YES;
				CLANG_WARN_BLOCK_CAPTURE_AUTORELEASING = YES;
				CLANG_WARN_BOOL_CONVERSION = YES;
				CLANG_WARN_COMMA = YES;
				CLANG_WARN_CONSTANT_CONVERSION = YES;
				CLANG_WARN_DEPRECATED_OBJC_IMPLEMENTATIONS = YES;
				CLANG_WARN_DIRECT_OBJC_ISA_USAGE = YES_ERROR;
				CLANG_WARN_DOCUMENTATION_COMMENTS = YES;
				CLANG_WARN_EMPTY_BODY = YES;
				CLANG_WARN_ENUM_CONVERSION = YES;
				CLANG_WARN_INFINITE_RECURSION = YES;
				CLANG_WARN_INT_CONVERSION = YES;
				CLANG_WARN_NON_LITERAL_NULL_CONVERSION = YES;
				CLANG_WARN_OBJC_IMPLICIT_RETAIN_SELF = YES;
				CLANG_WARN_OBJC_LITERAL_CONVERSION = YES;
				CLANG_WARN_OBJC_ROOT_CLASS = YES_ERROR;
				CLANG_WARN_QUOTED_INCLUDE_IN_FRAMEWORK_HEADER = YES;
				CLANG_WARN_RANGE_LOOP_ANALYSIS = YES;
				CLANG_WARN_STRICT_PROTOTYPES = YES;
				CLANG_WARN_SUSPICIOUS_MOVE = YES;
				CLANG_WARN_UNGUARDED_AVAILABILITY = YES_AGGRESSIVE;
				CLANG_WARN_UNREACHABLE_CODE = YES;
				CLANG_WARN__DUPLICATE_METHOD_MATCH = YES;
				COPY_PHASE_STRIP = NO;
				DEBUG_INFORMATION_FORMAT = "dwarf-with-dsym";
				ENABLE_NS_ASSERTIONS = NO;
				ENABLE_STRICT_OBJC_MSGSEND = YES;
				GCC_C_LANGUAGE_STANDARD = gnu11;
				GCC_NO_COMMON_BLOCKS = YES;
				GCC_WARN_64_TO_32_BIT_CONVERSION = YES;
				GCC_WARN_ABOUT_RETURN_TYPE = YES_ERROR;
				GCC_WARN_UNDECLARED_SELECTOR = YES;
				GCC_WARN_UNINITIALIZED_AUTOS = YES_AGGRESSIVE;
				GCC_WARN_UNUSED_FUNCTION = YES;
				GCC_WARN_UNUSED_VARIABLE = YES;
				IPHONEOS_DEPLOYMENT_TARGET = 15.0;
				MTL_ENABLE_DEBUG_INFO = NO;
				MTL_FAST_MATH = YES;
				SDKROOT = iphoneos;
				SWIFT_COMPILATION_MODE = wholemodule;
				SWIFT_OPTIMIZATION_LEVEL = "-O";
				VALIDATE_PRODUCT = YES;
			};
			name = Release;
		};
		0595AC9727104AC100299DC3 /* Debug */ = {
			isa = XCBuildConfiguration;
			baseConfigurationReference = 3ABD9F78D263C270BCC1EE2C /* Pods-Flash.debug.xcconfig */;
			buildSettings = {
				ASSETCATALOG_COMPILER_APPICON_NAME = AppIcon;
				ASSETCATALOG_COMPILER_GLOBAL_ACCENT_COLOR_NAME = AccentColor;
				CODE_SIGN_STYLE = Automatic;
				CURRENT_PROJECT_VERSION = 1;
				DEVELOPMENT_TEAM = 26QG9SLJ95;
				GENERATE_INFOPLIST_FILE = YES;
				INFOPLIST_FILE = Flash/Info.plist;
				INFOPLIST_KEY_UIApplicationSupportsIndirectInputEvents = YES;
				INFOPLIST_KEY_UILaunchStoryboardName = LaunchScreen;
				INFOPLIST_KEY_UIMainStoryboardFile = Main;
				INFOPLIST_KEY_UISupportedInterfaceOrientations_iPad = "UIInterfaceOrientationPortrait UIInterfaceOrientationPortraitUpsideDown UIInterfaceOrientationLandscapeLeft UIInterfaceOrientationLandscapeRight";
				INFOPLIST_KEY_UISupportedInterfaceOrientations_iPhone = "UIInterfaceOrientationPortrait UIInterfaceOrientationLandscapeLeft UIInterfaceOrientationLandscapeRight";
				IPHONEOS_DEPLOYMENT_TARGET = 13.0;
				LD_RUNPATH_SEARCH_PATHS = (
					"$(inherited)",
					"@executable_path/Frameworks",
				);
				MARKETING_VERSION = 1.0;
				PRODUCT_BUNDLE_IDENTIFIER = com.riturajmishra.Flash;
				PRODUCT_NAME = "$(TARGET_NAME)";
				SWIFT_EMIT_LOC_STRINGS = YES;
				SWIFT_VERSION = 5.0;
				TARGETED_DEVICE_FAMILY = "1,2";
			};
			name = Debug;
		};
		0595AC9827104AC100299DC3 /* Release */ = {
			isa = XCBuildConfiguration;
			baseConfigurationReference = 8E52C07EFCD9B09F07C41600 /* Pods-Flash.release.xcconfig */;
			buildSettings = {
				ASSETCATALOG_COMPILER_APPICON_NAME = AppIcon;
				ASSETCATALOG_COMPILER_GLOBAL_ACCENT_COLOR_NAME = AccentColor;
				CODE_SIGN_STYLE = Automatic;
				CURRENT_PROJECT_VERSION = 1;
				DEVELOPMENT_TEAM = 26QG9SLJ95;
				GENERATE_INFOPLIST_FILE = YES;
				INFOPLIST_FILE = Flash/Info.plist;
				INFOPLIST_KEY_UIApplicationSupportsIndirectInputEvents = YES;
				INFOPLIST_KEY_UILaunchStoryboardName = LaunchScreen;
				INFOPLIST_KEY_UIMainStoryboardFile = Main;
				INFOPLIST_KEY_UISupportedInterfaceOrientations_iPad = "UIInterfaceOrientationPortrait UIInterfaceOrientationPortraitUpsideDown UIInterfaceOrientationLandscapeLeft UIInterfaceOrientationLandscapeRight";
				INFOPLIST_KEY_UISupportedInterfaceOrientations_iPhone = "UIInterfaceOrientationPortrait UIInterfaceOrientationLandscapeLeft UIInterfaceOrientationLandscapeRight";
				IPHONEOS_DEPLOYMENT_TARGET = 13.0;
				LD_RUNPATH_SEARCH_PATHS = (
					"$(inherited)",
					"@executable_path/Frameworks",
				);
				MARKETING_VERSION = 1.0;
				PRODUCT_BUNDLE_IDENTIFIER = com.riturajmishra.Flash;
				PRODUCT_NAME = "$(TARGET_NAME)";
				SWIFT_EMIT_LOC_STRINGS = YES;
				SWIFT_VERSION = 5.0;
				TARGETED_DEVICE_FAMILY = "1,2";
			};
			name = Release;
		};
/* End XCBuildConfiguration section */

/* Begin XCConfigurationList section */
		0595AC7D27104AC000299DC3 /* Build configuration list for PBXProject "Flash" */ = {
			isa = XCConfigurationList;
			buildConfigurations = (
				0595AC9427104AC100299DC3 /* Debug */,
				0595AC9527104AC100299DC3 /* Release */,
			);
			defaultConfigurationIsVisible = 0;
			defaultConfigurationName = Release;
		};
		0595AC9627104AC100299DC3 /* Build configuration list for PBXNativeTarget "Flash" */ = {
			isa = XCConfigurationList;
			buildConfigurations = (
				0595AC9727104AC100299DC3 /* Debug */,
				0595AC9827104AC100299DC3 /* Release */,
			);
			defaultConfigurationIsVisible = 0;
			defaultConfigurationName = Release;
		};
/* End XCConfigurationList section */

/* Begin XCRemoteSwiftPackageReference section */
		05B640252712161E00E30D18 /* XCRemoteSwiftPackageReference "IQKeyboardManager" */ = {
			isa = XCRemoteSwiftPackageReference;
			repositoryURL = "https://github.com/hackiftekhar/IQKeyboardManager";
			requirement = {
				kind = upToNextMajorVersion;
				minimumVersion = 6.0.0;
			};
		};
/* End XCRemoteSwiftPackageReference section */

/* Begin XCSwiftPackageProductDependency section */
		05B640262712161E00E30D18 /* IQKeyboardManagerSwift */ = {
			isa = XCSwiftPackageProductDependency;
			package = 05B640252712161E00E30D18 /* XCRemoteSwiftPackageReference "IQKeyboardManager" */;
			productName = IQKeyboardManagerSwift;
		};
/* End XCSwiftPackageProductDependency section */
	};
	rootObject = 0595AC7A27104AC000299DC3 /* Project object */;
}
